{
  "name": "node-server-boilerplate",
  "version": "0.0.2",
  "lockfileVersion": 1,
  "requires": true,
  "dependencies": {
    "kcors": {
      "version": "2.2.1",
      "resolved": "http://registry.npm.taobao.org/kcors/download/kcors-2.2.1.tgz",
      "integrity": "sha1-cWCpTy6uYzQ20s746t0M4jI4Z3k="
    }
  }
}
