github.com/golang/protobuf v1.1.0 h1:0iH4Ffd/meGoXqF2lSAhZHt8X+cPgkfn/cb6Cce5Vpc=
github.com/golang/protobuf v1.1.0/go.mod h1:6lQm79b+lXiMfvg/cZm0SGofjICqVBUtrP5yJMmIC1U=
github.com/golang/protobuf v1.3.0 h1:kbxbvI4Un1LUWKxufD+BiE6AEExYYgkQLQmLFqA1LFk=
github.com/golang/protobuf v1.3.0/go.mod h1:Qd/q+1AKNOZr9uGQzbzCmRO6sUih6GTPZv6a1/R87v0=
github.com/gorilla/websocket v1.2.0 h1:VJtLvh6VQym50czpZzx07z/kw9EgAxI3x1ZB8taTMQQ=
github.com/gorilla/websocket v1.2.0/go.mod h1:E7qHFY5m1UJ88s3WnNqhKjPHQ0heANvMoAMk2YaljkQ=
github.com/gorilla/websocket v1.4.0 h1:WDFjx/TMzVgy9VdMMQi2K2Emtwi2QcUQsztZ/zLaH/Q=
github.com/gorilla/websocket v1.4.0/go.mod h1:E7qHFY5m1UJ88s3WnNqhKjPHQ0heANvMoAMk2YaljkQ=
github.com/wpajqz/go-sdk v0.0.0-20180819022515-c5611acbd333 h1:uIekph2ww/ZvE3w3kC36LdwIjfGj3enaf1SNWEh04oQ=
github.com/wpajqz/go-sdk v0.0.0-20180819022515-c5611acbd333/go.mod h1:8Z5OwaDGrREAqXYMHp9WVhDIkZdeJFfNbUyjYQGRg8U=
github.com/wpajqz/go-sdk v0.0.0-20190317162333-8d33e25cc80a h1:8IHoUIhasodM4axPCGuabgvSwv0XqQ4njncbdL3mF/M=
github.com/wpajqz/go-sdk v0.0.0-20190317162333-8d33e25cc80a/go.mod h1:HsPWvN7xFLZHyUU6O8A+e9RJuxz4jqBrjnbufBHIw5Y=
github.com/wpajqz/go-sdk v0.0.0-20190321152117-6ce15f5cc56d h1:cfqyp02QLQ5xt/Iu1mph750e4x53aCHBQEE/GGeqNlo=
github.com/wpajqz/go-sdk v0.0.0-20190321152117-6ce15f5cc56d/go.mod h1:HsPWvN7xFLZHyUU6O8A+e9RJuxz4jqBrjnbufBHIw5Y=
github.com/wpajqz/linker v0.0.0-20180818151004-5d64412a1130/go.mod h1:1LpNSex7lqvQi8t5uj9LBLKsvxfm3HK2j6o5Ht3BGmQ=
github.com/wpajqz/linker v0.0.0-20190317025435-9875d02710d3 h1:OQOguyhbMbqerbr1mGxEZHjjdO7fqQHBKqQ68zXr3Bc=
github.com/wpajqz/linker v0.0.0-20190317025435-9875d02710d3/go.mod h1:qDGjG+ES9GK54nkt/8PE3SbGtKyZI0U0XSU7B8hvhqM=
github.com/wxyyxc1992/go-boot v0.0.0-20180818151004-5d64412a1130/go.mod h1:1LpNSex7lqvQi8t5uj9LBLKsvxfm3HK2j6o5Ht3BGmQ=
github.com/wxyyxc1992/go-boot v0.0.0-20190317025435-9875d02710d3/go.mod h1:qDGjG+ES9GK54nkt/8PE3SbGtKyZI0U0XSU7B8hvhqM=
golang.org/x/net v0.0.0-20180906233101-161cd47e91fd/go.mod h1:mL1N/T3taQHkDXs73rZJwtUhF3w3ftmwwsq0BUmARs4=
golang.org/x/sync v0.0.0-20180314180146-1d60e4601c6f/go.mod h1:RxMgew5VJxzue5/jJTE5uejpjVlOe/izrB70Jof72aM=
golang.org/x/sync v0.0.0-20190227155943-e225da77a7e6 h1:bjcUS9ztw9kFmmIxJInhon/0Is3p+EHBKNgquIzo1OI=
golang.org/x/sync v0.0.0-20190227155943-e225da77a7e6/go.mod h1:RxMgew5VJxzue5/jJTE5uejpjVlOe/izrB70Jof72aM=
google.golang.org/genproto v0.0.0-20180831171423-11092d34479b/go.mod h1:JiN7NxoALGmiZfu7CAH4rXhgtRTLTxftemlI0sWmxmc=
